
Microsoft Visual Studio Solution File, Format Version 12.00
# Visual Studio Version 17
VisualStudioVersion = 17.5.002.0
MinimumVisualStudioVersion = 10.0.40219.1
Project("{9A19103F-16F7-4668-BE54-9A1E7A4F7556}") = "TwitterClone.AppHost", "src\TwitterClone.AppHost\TwitterClone.AppHost.csproj", "{1BEDD9B0-3197-424D-95D2-8A5D6D71664B}"
EndProject
Project("{9A19103F-16F7-4668-BE54-9A1E7A4F7556}") = "TwitterClone.ServiceDefaults", "src\TwitterClone.ServiceDefaults\TwitterClone.ServiceDefaults.csproj", "{E4ADCB31-C872-4120-9016-81C2BA042D82}"
EndProject
Project("{9A19103F-16F7-4668-BE54-9A1E7A4F7556}") = "TwitterClone.HelloWorld", "src\TwitterClone.HelloWorld\TwitterClone.HelloWorld.csproj", "{E2E09004-7A57-4A72-8DB1-7BE7C6FA2447}"
EndProject
Global
	GlobalSection(SolutionConfigurationPlatforms) = preSolution
		Debug|Any CPU = Debug|Any CPU
		Release|Any CPU = Release|Any CPU
	EndGlobalSection
	GlobalSection(ProjectConfigurationPlatforms) = postSolution
		{1BEDD9B0-3197-424D-95D2-8A5D6D71664B}.Debug|Any CPU.ActiveCfg = Debug|Any CPU
		{1BEDD9B0-3197-424D-95D2-8A5D6D71664B}.Debug|Any CPU.Build.0 = Debug|Any CPU
		{1BEDD9B0-3197-424D-95D2-8A5D6D71664B}.Release|Any CPU.ActiveCfg = Release|Any CPU
		{1BEDD9B0-3197-424D-95D2-8A5D6D71664B}.Release|Any CPU.Build.0 = Release|Any CPU
		{E4ADCB31-C872-4120-9016-81C2BA042D82}.Debug|Any CPU.ActiveCfg = Debug|Any CPU
		{E4ADCB31-C872-4120-9016-81C2BA042D82}.Debug|Any CPU.Build.0 = Debug|Any CPU
		{E4ADCB31-C872-4120-9016-81C2BA042D82}.Release|Any CPU.ActiveCfg = Release|Any CPU
		{E4ADCB31-C872-4120-9016-81C2BA042D82}.Release|Any CPU.Build.0 = Release|Any CPU
		{E2E09004-7A57-4A72-8DB1-7BE7C6FA2447}.Debug|Any CPU.ActiveCfg = Debug|Any CPU
		{E2E09004-7A57-4A72-8DB1-7BE7C6FA2447}.Debug|Any CPU.Build.0 = Debug|Any CPU
		{E2E09004-7A57-4A72-8DB1-7BE7C6FA2447}.Release|Any CPU.ActiveCfg = Release|Any CPU
		{E2E09004-7A57-4A72-8DB1-7BE7C6FA2447}.Release|Any CPU.Build.0 = Release|Any CPU
	EndGlobalSection
	GlobalSection(SolutionProperties) = preSolution
		HideSolutionNode = FALSE
	EndGlobalSection
	GlobalSection(ExtensibilityGlobals) = postSolution
		SolutionGuid = {98BC2712-FEA1-4B73-A606-5265E810DC43}
	EndGlobalSection
EndGlobal
